// !$*UTF8*$!
{
	archiveVersion = 1;
	classes = {
	};
	objectVersion = 51;
	objects = {

/* Begin PBXBuildFile section */
		254C603EB253D615A6818845 /* Pods_CL5_Artistry.framework in Frameworks */ = {isa = PBXBuildFile; fileRef = C1A3C8A7912CA408877A1BE1 /* Pods_CL5_Artistry.framework */; };
		702E9FFB2768C248008CA43B /* AppDelegate.swift in Sources */ = {isa = PBXBuildFile; fileRef = 702E9FFA2768C248008CA43B /* AppDelegate.swift */; };
		702E9FFD2768C248008CA43B /* SceneDelegate.swift in Sources */ = {isa = PBXBuildFile; fileRef = 702E9FFC2768C248008CA43B /* SceneDelegate.swift */; };
		702EA0022768C248008CA43B /* Main.storyboard in Resources */ = {isa = PBXBuildFile; fileRef = 702EA0002768C248008CA43B /* Main.storyboard */; };
		702EA0042768C249008CA43B /* Assets.xcassets in Resources */ = {isa = PBXBuildFile; fileRef = 702EA0032768C249008CA43B /* Assets.xcassets */; };
		702EA0072768C249008CA43B /* LaunchScreen.storyboard in Resources */ = {isa = PBXBuildFile; fileRef = 702EA0052768C249008CA43B /* LaunchScreen.storyboard */; };
		702EA0122768C249008CA43B /* CL5_ArtistryTests.swift in Sources */ = {isa = PBXBuildFile; fileRef = 702EA0112768C249008CA43B /* CL5_ArtistryTests.swift */; };
		702EA01D2768C249008CA43B /* CL5_ArtistryUITests.swift in Sources */ = {isa = PBXBuildFile; fileRef = 702EA01C2768C249008CA43B /* CL5_ArtistryUITests.swift */; };
		702EA02C2768C28E008CA43B /* ArtistListController.swift in Sources */ = {isa = PBXBuildFile; fileRef = 702EA02B2768C28E008CA43B /* ArtistListController.swift */; };
		702EA02F2768C5B1008CA43B /* MyAlamofireManager.swift in Sources */ = {isa = PBXBuildFile; fileRef = 702EA02E2768C5B1008CA43B /* MyAlamofireManager.swift */; };
		702EA0312768C775008CA43B /* MyBaseInterceptor.swift in Sources */ = {isa = PBXBuildFile; fileRef = 702EA0302768C775008CA43B /* MyBaseInterceptor.swift */; };
		702EA0332768C9CE008CA43B /* MyLogger.swift in Sources */ = {isa = PBXBuildFile; fileRef = 702EA0322768C9CE008CA43B /* MyLogger.swift */; };
		702EA03627690483008CA43B /* artists.json in Resources */ = {isa = PBXBuildFile; fileRef = 702EA03527690483008CA43B /* artists.json */; };
		702EA03927690657008CA43B /* Artist.swift in Sources */ = {isa = PBXBuildFile; fileRef = 702EA03827690657008CA43B /* Artist.swift */; };
		702EA03B276915FE008CA43B /* Work.swift in Sources */ = {isa = PBXBuildFile; fileRef = 702EA03A276915FE008CA43B /* Work.swift */; };
		702EA03E276916CE008CA43B /* 0.png in Resources */ = {isa = PBXBuildFile; fileRef = 702EA03D276916CE008CA43B /* 0.png */; };
		702EA040276916DD008CA43B /* 1.png in Resources */ = {isa = PBXBuildFile; fileRef = 702EA03F276916DD008CA43B /* 1.png */; };
		702EA042276916F5008CA43B /* 2.png in Resources */ = {isa = PBXBuildFile; fileRef = 702EA041276916F5008CA43B /* 2.png */; };
		702EA044276916FB008CA43B /* 3.png in Resources */ = {isa = PBXBuildFile; fileRef = 702EA043276916FB008CA43B /* 3.png */; };
		702EA04627691701008CA43B /* 4.png in Resources */ = {isa = PBXBuildFile; fileRef = 702EA04527691701008CA43B /* 4.png */; };
		702EA04827691707008CA43B /* 5.png in Resources */ = {isa = PBXBuildFile; fileRef = 702EA04727691707008CA43B /* 5.png */; };
		702EA04A2769170D008CA43B /* 6.png in Resources */ = {isa = PBXBuildFile; fileRef = 702EA0492769170D008CA43B /* 6.png */; };
		B388D9FCC714F2D34491787D /* Pods_CL5_Artistry_CL5_ArtistryUITests.framework in Frameworks */ = {isa = PBXBuildFile; fileRef = 8901BA0DC9941B09553540B7 /* Pods_CL5_Artistry_CL5_ArtistryUITests.framework */; };
		CE898A034426484470F9050E /* Pods_CL5_ArtistryTests.framework in Frameworks */ = {isa = PBXBuildFile; fileRef = 2D1ACB812BEE91A7194149E8 /* Pods_CL5_ArtistryTests.framework */; };
/* End PBXBuildFile section */

/* Begin PBXContainerItemProxy section */
		702EA00E2768C249008CA43B /* PBXContainerItemProxy */ = {
			isa = PBXContainerItemProxy;
			containerPortal = 702E9FEF2768C248008CA43B /* Project object */;
			proxyType = 1;
			remoteGlobalIDString = 702E9FF62768C248008CA43B;
			remoteInfo = CL5_Artistry;
		};
		702EA0192768C249008CA43B /* PBXContainerItemProxy */ = {
			isa = PBXContainerItemProxy;
			containerPortal = 702E9FEF2768C248008CA43B /* Project object */;
			proxyType = 1;
			remoteGlobalIDString = 702E9FF62768C248008CA43B;
			remoteInfo = CL5_Artistry;
		};
/* End PBXContainerItemProxy section */

/* Begin PBXFileReference section */
		200D8990F5B492FF0A867B77 /* Pods-CL5_Artistry-CL5_ArtistryUITests.debug.xcconfig */ = {isa = PBXFileReference; includeInIndex = 1; lastKnownFileType = text.xcconfig; name = "Pods-CL5_Artistry-CL5_ArtistryUITests.debug.xcconfig"; path = "Target Support Files/Pods-CL5_Artistry-CL5_ArtistryUITests/Pods-CL5_Artistry-CL5_ArtistryUITests.debug.xcconfig"; sourceTree = "<group>"; };
		2D1ACB812BEE91A7194149E8 /* Pods_CL5_ArtistryTests.framework */ = {isa = PBXFileReference; explicitFileType = wrapper.framework; includeInIndex = 0; path = Pods_CL5_ArtistryTests.framework; sourceTree = BUILT_PRODUCTS_DIR; };
		3462925AA5565AD15C715E84 /* Pods-CL5_Artistry.release.xcconfig */ = {isa = PBXFileReference; includeInIndex = 1; lastKnownFileType = text.xcconfig; name = "Pods-CL5_Artistry.release.xcconfig"; path = "Target Support Files/Pods-CL5_Artistry/Pods-CL5_Artistry.release.xcconfig"; sourceTree = "<group>"; };
		387FF4375CC34C0DEFE85715 /* Pods-CL5_ArtistryTests.release.xcconfig */ = {isa = PBXFileReference; includeInIndex = 1; lastKnownFileType = text.xcconfig; name = "Pods-CL5_ArtistryTests.release.xcconfig"; path = "Target Support Files/Pods-CL5_ArtistryTests/Pods-CL5_ArtistryTests.release.xcconfig"; sourceTree = "<group>"; };
		702E9FF72768C248008CA43B /* CL5_Artistry.app */ = {isa = PBXFileReference; explicitFileType = wrapper.application; includeInIndex = 0; path = CL5_Artistry.app; sourceTree = BUILT_PRODUCTS_DIR; };
		702E9FFA2768C248008CA43B /* AppDelegate.swift */ = {isa = PBXFileReference; lastKnownFileType = sourcecode.swift; path = AppDelegate.swift; sourceTree = "<group>"; };
		702E9FFC2768C248008CA43B /* SceneDelegate.swift */ = {isa = PBXFileReference; lastKnownFileType = sourcecode.swift; path = SceneDelegate.swift; sourceTree = "<group>"; };
		702EA0012768C248008CA43B /* Base */ = {isa = PBXFileReference; lastKnownFileType = file.storyboard; name = Base; path = Base.lproj/Main.storyboard; sourceTree = "<group>"; };
		702EA0032768C249008CA43B /* Assets.xcassets */ = {isa = PBXFileReference; lastKnownFileType = folder.assetcatalog; path = Assets.xcassets; sourceTree = "<group>"; };
		702EA0062768C249008CA43B /* Base */ = {isa = PBXFileReference; lastKnownFileType = file.storyboard; name = Base; path = Base.lproj/LaunchScreen.storyboard; sourceTree = "<group>"; };
		702EA0082768C249008CA43B /* Info.plist */ = {isa = PBXFileReference; lastKnownFileType = text.plist.xml; path = Info.plist; sourceTree = "<group>"; };
		702EA00D2768C249008CA43B /* CL5_ArtistryTests.xctest */ = {isa = PBXFileReference; explicitFileType = wrapper.cfbundle; includeInIndex = 0; path = CL5_ArtistryTests.xctest; sourceTree = BUILT_PRODUCTS_DIR; };
		702EA0112768C249008CA43B /* CL5_ArtistryTests.swift */ = {isa = PBXFileReference; lastKnownFileType = sourcecode.swift; path = CL5_ArtistryTests.swift; sourceTree = "<group>"; };
		702EA0132768C249008CA43B /* Info.plist */ = {isa = PBXFileReference; lastKnownFileType = text.plist.xml; path = Info.plist; sourceTree = "<group>"; };
		702EA0182768C249008CA43B /* CL5_ArtistryUITests.xctest */ = {isa = PBXFileReference; explicitFileType = wrapper.cfbundle; includeInIndex = 0; path = CL5_ArtistryUITests.xctest; sourceTree = BUILT_PRODUCTS_DIR; };
		702EA01C2768C249008CA43B /* CL5_ArtistryUITests.swift */ = {isa = PBXFileReference; lastKnownFileType = sourcecode.swift; path = CL5_ArtistryUITests.swift; sourceTree = "<group>"; };
		702EA01E2768C249008CA43B /* Info.plist */ = {isa = PBXFileReference; lastKnownFileType = text.plist.xml; path = Info.plist; sourceTree = "<group>"; };
		702EA02B2768C28E008CA43B /* ArtistListController.swift */ = {isa = PBXFileReference; lastKnownFileType = sourcecode.swift; path = ArtistListController.swift; sourceTree = "<group>"; };
		702EA02E2768C5B1008CA43B /* MyAlamofireManager.swift */ = {isa = PBXFileReference; lastKnownFileType = sourcecode.swift; path = MyAlamofireManager.swift; sourceTree = "<group>"; };
		702EA0302768C775008CA43B /* MyBaseInterceptor.swift */ = {isa = PBXFileReference; lastKnownFileType = sourcecode.swift; path = MyBaseInterceptor.swift; sourceTree = "<group>"; };
		702EA0322768C9CE008CA43B /* MyLogger.swift */ = {isa = PBXFileReference; lastKnownFileType = sourcecode.swift; path = MyLogger.swift; sourceTree = "<group>"; };
		702EA03527690483008CA43B /* artists.json */ = {isa = PBXFileReference; fileEncoding = 4; lastKnownFileType = text.json; path = artists.json; sourceTree = "<group>"; };
		702EA03827690657008CA43B /* Artist.swift */ = {isa = PBXFileReference; lastKnownFileType = sourcecode.swift; path = Artist.swift; sourceTree = "<group>"; };
		702EA03A276915FE008CA43B /* Work.swift */ = {isa = PBXFileReference; lastKnownFileType = sourcecode.swift; path = Work.swift; sourceTree = "<group>"; };
		702EA03D276916CE008CA43B /* 0.png */ = {isa = PBXFileReference; lastKnownFileType = image.png; path = 0.png; sourceTree = "<group>"; };
		702EA03F276916DD008CA43B /* 1.png */ = {isa = PBXFileReference; lastKnownFileType = image.png; path = 1.png; sourceTree = "<group>"; };
		702EA041276916F5008CA43B /* 2.png */ = {isa = PBXFileReference; lastKnownFileType = image.png; path = 2.png; sourceTree = "<group>"; };
		702EA043276916FB008CA43B /* 3.png */ = {isa = PBXFileReference; lastKnownFileType = image.png; path = 3.png; sourceTree = "<group>"; };
		702EA04527691701008CA43B /* 4.png */ = {isa = PBXFileReference; lastKnownFileType = image.png; path = 4.png; sourceTree = "<group>"; };
		702EA04727691707008CA43B /* 5.png */ = {isa = PBXFileReference; lastKnownFileType = image.png; path = 5.png; sourceTree = "<group>"; };
		702EA0492769170D008CA43B /* 6.png */ = {isa = PBXFileReference; lastKnownFileType = image.png; path = 6.png; sourceTree = "<group>"; };
		8640981BD98AE1C65BCE6701 /* Pods-CL5_Artistry-CL5_ArtistryUITests.release.xcconfig */ = {isa = PBXFileReference; includeInIndex = 1; lastKnownFileType = text.xcconfig; name = "Pods-CL5_Artistry-CL5_ArtistryUITests.release.xcconfig"; path = "Target Support Files/Pods-CL5_Artistry-CL5_ArtistryUITests/Pods-CL5_Artistry-CL5_ArtistryUITests.release.xcconfig"; sourceTree = "<group>"; };
		8901BA0DC9941B09553540B7 /* Pods_CL5_Artistry_CL5_ArtistryUITests.framework */ = {isa = PBXFileReference; explicitFileType = wrapper.framework; includeInIndex = 0; path = Pods_CL5_Artistry_CL5_ArtistryUITests.framework; sourceTree = BUILT_PRODUCTS_DIR; };
		C1A3C8A7912CA408877A1BE1 /* Pods_CL5_Artistry.framework */ = {isa = PBXFileReference; explicitFileType = wrapper.framework; includeInIndex = 0; path = Pods_CL5_Artistry.framework; sourceTree = BUILT_PRODUCTS_DIR; };
		D342AE3C5064DB5A065DBDF9 /* Pods-CL5_Artistry.debug.xcconfig */ = {isa = PBXFileReference; includeInIndex = 1; lastKnownFileType = text.xcconfig; name = "Pods-CL5_Artistry.debug.xcconfig"; path = "Target Support Files/Pods-CL5_Artistry/Pods-CL5_Artistry.debug.xcconfig"; sourceTree = "<group>"; };
		D46FA0CF11C8A6FDC6071BEA /* Pods-CL5_ArtistryTests.debug.xcconfig */ = {isa = PBXFileReference; includeInIndex = 1; lastKnownFileType = text.xcconfig; name = "Pods-CL5_ArtistryTests.debug.xcconfig"; path = "Target Support Files/Pods-CL5_ArtistryTests/Pods-CL5_ArtistryTests.debug.xcconfig"; sourceTree = "<group>"; };
/* End PBXFileReference section */

/* Begin PBXFrameworksBuildPhase section */
		702E9FF42768C248008CA43B /* Frameworks */ = {
			isa = PBXFrameworksBuildPhase;
			buildActionMask = 2147483647;
			files = (
				254C603EB253D615A6818845 /* Pods_CL5_Artistry.framework in Frameworks */,
			);
			runOnlyForDeploymentPostprocessing = 0;
		};
		702EA00A2768C249008CA43B /* Frameworks */ = {
			isa = PBXFrameworksBuildPhase;
			buildActionMask = 2147483647;
			files = (
				CE898A034426484470F9050E /* Pods_CL5_ArtistryTests.framework in Frameworks */,
			);
			runOnlyForDeploymentPostprocessing = 0;
		};
		702EA0152768C249008CA43B /* Frameworks */ = {
			isa = PBXFrameworksBuildPhase;
			buildActionMask = 2147483647;
			files = (
				B388D9FCC714F2D34491787D /* Pods_CL5_Artistry_CL5_ArtistryUITests.framework in Frameworks */,
			);
			runOnlyForDeploymentPostprocessing = 0;
		};
/* End PBXFrameworksBuildPhase section */

/* Begin PBXGroup section */
		30334CEEAF532E6BBB632D78 /* Pods */ = {
			isa = PBXGroup;
			children = (
				D342AE3C5064DB5A065DBDF9 /* Pods-CL5_Artistry.debug.xcconfig */,
				3462925AA5565AD15C715E84 /* Pods-CL5_Artistry.release.xcconfig */,
				200D8990F5B492FF0A867B77 /* Pods-CL5_Artistry-CL5_ArtistryUITests.debug.xcconfig */,
				8640981BD98AE1C65BCE6701 /* Pods-CL5_Artistry-CL5_ArtistryUITests.release.xcconfig */,
				D46FA0CF11C8A6FDC6071BEA /* Pods-CL5_ArtistryTests.debug.xcconfig */,
				387FF4375CC34C0DEFE85715 /* Pods-CL5_ArtistryTests.release.xcconfig */,
			);
			path = Pods;
			sourceTree = "<group>";
		};
		702E9FEE2768C248008CA43B = {
			isa = PBXGroup;
			children = (
				702EA03C276916BB008CA43B /* Image */,
				702EA0372769064F008CA43B /* Model */,
				702EA03427690473008CA43B /* Resource */,
				702EA02D2768C30A008CA43B /* API */,
				702EA02A2768C254008CA43B /* Controller */,
				702E9FF92768C248008CA43B /* CL5_Artistry */,
				702EA0102768C249008CA43B /* CL5_ArtistryTests */,
				702EA01B2768C249008CA43B /* CL5_ArtistryUITests */,
				702E9FF82768C248008CA43B /* Products */,
				30334CEEAF532E6BBB632D78 /* Pods */,
				B70CB045D647A0DBEC85BA09 /* Frameworks */,
			);
			sourceTree = "<group>";
		};
		702E9FF82768C248008CA43B /* Products */ = {
			isa = PBXGroup;
			children = (
				702E9FF72768C248008CA43B /* CL5_Artistry.app */,
				702EA00D2768C249008CA43B /* CL5_ArtistryTests.xctest */,
				702EA0182768C249008CA43B /* CL5_ArtistryUITests.xctest */,
			);
			name = Products;
			sourceTree = "<group>";
		};
		702E9FF92768C248008CA43B /* CL5_Artistry */ = {
			isa = PBXGroup;
			children = (
				702E9FFA2768C248008CA43B /* AppDelegate.swift */,
				702E9FFC2768C248008CA43B /* SceneDelegate.swift */,
				702EA0002768C248008CA43B /* Main.storyboard */,
				702EA0032768C249008CA43B /* Assets.xcassets */,
				702EA0052768C249008CA43B /* LaunchScreen.storyboard */,
				702EA0082768C249008CA43B /* Info.plist */,
			);
			path = CL5_Artistry;
			sourceTree = "<group>";
		};
		702EA0102768C249008CA43B /* CL5_ArtistryTests */ = {
			isa = PBXGroup;
			children = (
				702EA0112768C249008CA43B /* CL5_ArtistryTests.swift */,
				702EA0132768C249008CA43B /* Info.plist */,
			);
			path = CL5_ArtistryTests;
			sourceTree = "<group>";
		};
		702EA01B2768C249008CA43B /* CL5_ArtistryUITests */ = {
			isa = PBXGroup;
			children = (
				702EA01C2768C249008CA43B /* CL5_ArtistryUITests.swift */,
				702EA01E2768C249008CA43B /* Info.plist */,
			);
			path = CL5_ArtistryUITests;
			sourceTree = "<group>";
		};
		702EA02A2768C254008CA43B /* Controller */ = {
			isa = PBXGroup;
			children = (
				702EA02B2768C28E008CA43B /* ArtistListController.swift */,
			);
			path = Controller;
			sourceTree = "<group>";
		};
		702EA02D2768C30A008CA43B /* API */ = {
			isa = PBXGroup;
			children = (
				702EA02E2768C5B1008CA43B /* MyAlamofireManager.swift */,
				702EA0302768C775008CA43B /* MyBaseInterceptor.swift */,
				702EA0322768C9CE008CA43B /* MyLogger.swift */,
			);
			path = API;
			sourceTree = "<group>";
		};
		702EA03427690473008CA43B /* Resource */ = {
			isa = PBXGroup;
			children = (
				702EA03527690483008CA43B /* artists.json */,
			);
			path = Resource;
			sourceTree = "<group>";
		};
		702EA0372769064F008CA43B /* Model */ = {
			isa = PBXGroup;
			children = (
				702EA03827690657008CA43B /* Artist.swift */,
				702EA03A276915FE008CA43B /* Work.swift */,
			);
			path = Model;
			sourceTree = "<group>";
		};
		702EA03C276916BB008CA43B /* Image */ = {
			isa = PBXGroup;
			children = (
				702EA0492769170D008CA43B /* 6.png */,
				702EA04727691707008CA43B /* 5.png */,
				702EA04527691701008CA43B /* 4.png */,
				702EA043276916FB008CA43B /* 3.png */,
				702EA041276916F5008CA43B /* 2.png */,
				702EA03F276916DD008CA43B /* 1.png */,
				702EA03D276916CE008CA43B /* 0.png */,
			);
			path = Image;
			sourceTree = "<group>";
		};
		B70CB045D647A0DBEC85BA09 /* Frameworks */ = {
			isa = PBXGroup;
			children = (
				C1A3C8A7912CA408877A1BE1 /* Pods_CL5_Artistry.framework */,
				8901BA0DC9941B09553540B7 /* Pods_CL5_Artistry_CL5_ArtistryUITests.framework */,
				2D1ACB812BEE91A7194149E8 /* Pods_CL5_ArtistryTests.framework */,
			);
			name = Frameworks;
			sourceTree = "<group>";
		};
/* End PBXGroup section */

/* Begin PBXNativeTarget section */
		702E9FF62768C248008CA43B /* CL5_Artistry */ = {
			isa = PBXNativeTarget;
			buildConfigurationList = 702EA0212768C249008CA43B /* Build configuration list for PBXNativeTarget "CL5_Artistry" */;
			buildPhases = (
				63DC1E8A9A547DEE60083DCD /* [CP] Check Pods Manifest.lock */,
				702E9FF32768C248008CA43B /* Sources */,
				702E9FF42768C248008CA43B /* Frameworks */,
				702E9FF52768C248008CA43B /* Resources */,
				1303D51147941C7D32EEFC15 /* [CP] Embed Pods Frameworks */,
			);
			buildRules = (
			);
			dependencies = (
			);
			name = CL5_Artistry;
			productName = CL5_Artistry;
			productReference = 702E9FF72768C248008CA43B /* CL5_Artistry.app */;
			productType = "com.apple.product-type.application";
		};
		702EA00C2768C249008CA43B /* CL5_ArtistryTests */ = {
			isa = PBXNativeTarget;
			buildConfigurationList = 702EA0242768C249008CA43B /* Build configuration list for PBXNativeTarget "CL5_ArtistryTests" */;
			buildPhases = (
				D9CC06C1F85CFAB29C3AF060 /* [CP] Check Pods Manifest.lock */,
				702EA0092768C249008CA43B /* Sources */,
				702EA00A2768C249008CA43B /* Frameworks */,
				702EA00B2768C249008CA43B /* Resources */,
			);
			buildRules = (
			);
			dependencies = (
				702EA00F2768C249008CA43B /* PBXTargetDependency */,
			);
			name = CL5_ArtistryTests;
			productName = CL5_ArtistryTests;
			productReference = 702EA00D2768C249008CA43B /* CL5_ArtistryTests.xctest */;
			productType = "com.apple.product-type.bundle.unit-test";
		};
		702EA0172768C249008CA43B /* CL5_ArtistryUITests */ = {
			isa = PBXNativeTarget;
			buildConfigurationList = 702EA0272768C249008CA43B /* Build configuration list for PBXNativeTarget "CL5_ArtistryUITests" */;
			buildPhases = (
				973C1012D212422DBC75770B /* [CP] Check Pods Manifest.lock */,
				702EA0142768C249008CA43B /* Sources */,
				702EA0152768C249008CA43B /* Frameworks */,
				702EA0162768C249008CA43B /* Resources */,
				FD3FD909A2449F7A6AF15007 /* [CP] Embed Pods Frameworks */,
			);
			buildRules = (
			);
			dependencies = (
				702EA01A2768C249008CA43B /* PBXTargetDependency */,
			);
			name = CL5_ArtistryUITests;
			productName = CL5_ArtistryUITests;
			productReference = 702EA0182768C249008CA43B /* CL5_ArtistryUITests.xctest */;
			productType = "com.apple.product-type.bundle.ui-testing";
		};
/* End PBXNativeTarget section */

/* Begin PBXProject section */
		702E9FEF2768C248008CA43B /* Project object */ = {
			isa = PBXProject;
			attributes = {
				LastSwiftUpdateCheck = 1250;
				LastUpgradeCheck = 1250;
				TargetAttributes = {
					702E9FF62768C248008CA43B = {
						CreatedOnToolsVersion = 12.5;
					};
					702EA00C2768C249008CA43B = {
						CreatedOnToolsVersion = 12.5;
						TestTargetID = 702E9FF62768C248008CA43B;
					};
					702EA0172768C249008CA43B = {
						CreatedOnToolsVersion = 12.5;
						TestTargetID = 702E9FF62768C248008CA43B;
					};
				};
			};
			buildConfigurationList = 702E9FF22768C248008CA43B /* Build configuration list for PBXProject "CL5_Artistry" */;
			compatibilityVersion = "Xcode 9.3";
			developmentRegion = en;
			hasScannedForEncodings = 0;
			knownRegions = (
				en,
				Base,
			);
			mainGroup = 702E9FEE2768C248008CA43B;
			productRefGroup = 702E9FF82768C248008CA43B /* Products */;
			projectDirPath = "";
			projectRoot = "";
			targets = (
				702E9FF62768C248008CA43B /* CL5_Artistry */,
				702EA00C2768C249008CA43B /* CL5_ArtistryTests */,
				702EA0172768C249008CA43B /* CL5_ArtistryUITests */,
			);
		};
/* End PBXProject section */

/* Begin PBXResourcesBuildPhase section */
		702E9FF52768C248008CA43B /* Resources */ = {
			isa = PBXResourcesBuildPhase;
			buildActionMask = 2147483647;
			files = (
				702EA04A2769170D008CA43B /* 6.png in Resources */,
				702EA04627691701008CA43B /* 4.png in Resources */,
				702EA04827691707008CA43B /* 5.png in Resources */,
				702EA0072768C249008CA43B /* LaunchScreen.storyboard in Resources */,
				702EA03E276916CE008CA43B /* 0.png in Resources */,
				702EA042276916F5008CA43B /* 2.png in Resources */,
				702EA044276916FB008CA43B /* 3.png in Resources */,
				702EA0042768C249008CA43B /* Assets.xcassets in Resources */,
				702EA040276916DD008CA43B /* 1.png in Resources */,
				702EA03627690483008CA43B /* artists.json in Resources */,
				702EA0022768C248008CA43B /* Main.storyboard in Resources */,
			);
			runOnlyForDeploymentPostprocessing = 0;
		};
		702EA00B2768C249008CA43B /* Resources */ = {
			isa = PBXResourcesBuildPhase;
			buildActionMask = 2147483647;
			files = (
			);
			runOnlyForDeploymentPostprocessing = 0;
		};
		702EA0162768C249008CA43B /* Resources */ = {
			isa = PBXResourcesBuildPhase;
			buildActionMask = 2147483647;
			files = (
			);
			runOnlyForDeploymentPostprocessing = 0;
		};
/* End PBXResourcesBuildPhase section */

/* Begin PBXShellScriptBuildPhase section */
		1303D51147941C7D32EEFC15 /* [CP] Embed Pods Frameworks */ = {
			isa = PBXShellScriptBuildPhase;
			buildActionMask = 2147483647;
			files = (
			);
			inputFileListPaths = (
				"${PODS_ROOT}/Target Support Files/Pods-CL5_Artistry/Pods-CL5_Artistry-frameworks-${CONFIGURATION}-input-files.xcfilelist",
			);
			name = "[CP] Embed Pods Frameworks";
			outputFileListPaths = (
				"${PODS_ROOT}/Target Support Files/Pods-CL5_Artistry/Pods-CL5_Artistry-frameworks-${CONFIGURATION}-output-files.xcfilelist",
			);
			runOnlyForDeploymentPostprocessing = 0;
			shellPath = /bin/sh;
			shellScript = "\"${PODS_ROOT}/Target Support Files/Pods-CL5_Artistry/Pods-CL5_Artistry-frameworks.sh\"\n";
			showEnvVarsInLog = 0;
		};
		63DC1E8A9A547DEE60083DCD /* [CP] Check Pods Manifest.lock */ = {
			isa = PBXShellScriptBuildPhase;
			buildActionMask = 2147483647;
			files = (
			);
			inputFileListPaths = (
			);
			inputPaths = (
				"${PODS_PODFILE_DIR_PATH}/Podfile.lock",
				"${PODS_ROOT}/Manifest.lock",
			);
			name = "[CP] Check Pods Manifest.lock";
			outputFileListPaths = (
			);
			outputPaths = (
				"$(DERIVED_FILE_DIR)/Pods-CL5_Artistry-checkManifestLockResult.txt",
			);
			runOnlyForDeploymentPostprocessing = 0;
			shellPath = /bin/sh;
			shellScript = "diff \"${PODS_PODFILE_DIR_PATH}/Podfile.lock\" \"${PODS_ROOT}/Manifest.lock\" > /dev/null\nif [ $? != 0 ] ; then\n    # print error to STDERR\n    echo \"error: The sandbox is not in sync with the Podfile.lock. Run 'pod install' or update your CocoaPods installation.\" >&2\n    exit 1\nfi\n# This output is used by Xcode 'outputs' to avoid re-running this script phase.\necho \"SUCCESS\" > \"${SCRIPT_OUTPUT_FILE_0}\"\n";
			showEnvVarsInLog = 0;
		};
		973C1012D212422DBC75770B /* [CP] Check Pods Manifest.lock */ = {
			isa = PBXShellScriptBuildPhase;
			buildActionMask = 2147483647;
			files = (
			);
			inputFileListPaths = (
			);
			inputPaths = (
				"${PODS_PODFILE_DIR_PATH}/Podfile.lock",
				"${PODS_ROOT}/Manifest.lock",
			);
			name = "[CP] Check Pods Manifest.lock";
			outputFileListPaths = (
			);
			outputPaths = (
				"$(DERIVED_FILE_DIR)/Pods-CL5_Artistry-CL5_ArtistryUITests-checkManifestLockResult.txt",
			);
			runOnlyForDeploymentPostprocessing = 0;
			shellPath = /bin/sh;
			shellScript = "diff \"${PODS_PODFILE_DIR_PATH}/Podfile.lock\" \"${PODS_ROOT}/Manifest.lock\" > /dev/null\nif [ $? != 0 ] ; then\n    # print error to STDERR\n    echo \"error: The sandbox is not in sync with the Podfile.lock. Run 'pod install' or update your CocoaPods installation.\" >&2\n    exit 1\nfi\n# This output is used by Xcode 'outputs' to avoid re-running this script phase.\necho \"SUCCESS\" > \"${SCRIPT_OUTPUT_FILE_0}\"\n";
			showEnvVarsInLog = 0;
		};
		D9CC06C1F85CFAB29C3AF060 /* [CP] Check Pods Manifest.lock */ = {
			isa = PBXShellScriptBuildPhase;
			buildActionMask = 2147483647;
			files = (
			);
			inputFileListPaths = (
			);
			inputPaths = (
				"${PODS_PODFILE_DIR_PATH}/Podfile.lock",
				"${PODS_ROOT}/Manifest.lock",
			);
			name = "[CP] Check Pods Manifest.lock";
			outputFileListPaths = (
			);
			outputPaths = (
				"$(DERIVED_FILE_DIR)/Pods-CL5_ArtistryTests-checkManifestLockResult.txt",
			);
			runOnlyForDeploymentPostprocessing = 0;
			shellPath = /bin/sh;
			shellScript = "diff \"${PODS_PODFILE_DIR_PATH}/Podfile.lock\" \"${PODS_ROOT}/Manifest.lock\" > /dev/null\nif [ $? != 0 ] ; then\n    # print error to STDERR\n    echo \"error: The sandbox is not in sync with the Podfile.lock. Run 'pod install' or update your CocoaPods installation.\" >&2\n    exit 1\nfi\n# This output is used by Xcode 'outputs' to avoid re-running this script phase.\necho \"SUCCESS\" > \"${SCRIPT_OUTPUT_FILE_0}\"\n";
			showEnvVarsInLog = 0;
		};
		FD3FD909A2449F7A6AF15007 /* [CP] Embed Pods Frameworks */ = {
			isa = PBXShellScriptBuildPhase;
			buildActionMask = 2147483647;
			files = (
			);
			inputFileListPaths = (
				"${PODS_ROOT}/Target Support Files/Pods-CL5_Artistry-CL5_ArtistryUITests/Pods-CL5_Artistry-CL5_ArtistryUITests-frameworks-${CONFIGURATION}-input-files.xcfilelist",
			);
			name = "[CP] Embed Pods Frameworks";
			outputFileListPaths = (
				"${PODS_ROOT}/Target Support Files/Pods-CL5_Artistry-CL5_ArtistryUITests/Pods-CL5_Artistry-CL5_ArtistryUITests-frameworks-${CONFIGURATION}-output-files.xcfilelist",
			);
			runOnlyForDeploymentPostprocessing = 0;
			shellPath = /bin/sh;
			shellScript = "\"${PODS_ROOT}/Target Support Files/Pods-CL5_Artistry-CL5_ArtistryUITests/Pods-CL5_Artistry-CL5_ArtistryUITests-frameworks.sh\"\n";
			showEnvVarsInLog = 0;
		};
/* End PBXShellScriptBuildPhase section */

/* Begin PBXSourcesBuildPhase section */
		702E9FF32768C248008CA43B /* Sources */ = {
			isa = PBXSourcesBuildPhase;
			buildActionMask = 2147483647;
			files = (
				702EA03B276915FE008CA43B /* Work.swift in Sources */,
				702EA02F2768C5B1008CA43B /* MyAlamofireManager.swift in Sources */,
				702EA0312768C775008CA43B /* MyBaseInterceptor.swift in Sources */,
				702EA03927690657008CA43B /* Artist.swift in Sources */,
				702E9FFB2768C248008CA43B /* AppDelegate.swift in Sources */,
				702EA0332768C9CE008CA43B /* MyLogger.swift in Sources */,
				702EA02C2768C28E008CA43B /* ArtistListController.swift in Sources */,
				702E9FFD2768C248008CA43B /* SceneDelegate.swift in Sources */,
			);
			runOnlyForDeploymentPostprocessing = 0;
		};
		702EA0092768C249008CA43B /* Sources */ = {
			isa = PBXSourcesBuildPhase;
			buildActionMask = 2147483647;
			files = (
				702EA0122768C249008CA43B /* CL5_ArtistryTests.swift in Sources */,
			);
			runOnlyForDeploymentPostprocessing = 0;
		};
		702EA0142768C249008CA43B /* Sources */ = {
			isa = PBXSourcesBuildPhase;
			buildActionMask = 2147483647;
			files = (
				702EA01D2768C249008CA43B /* CL5_ArtistryUITests.swift in Sources */,
			);
			runOnlyForDeploymentPostprocessing = 0;
		};
/* End PBXSourcesBuildPhase section */

/* Begin PBXTargetDependency section */
		702EA00F2768C249008CA43B /* PBXTargetDependency */ = {
			isa = PBXTargetDependency;
			target = 702E9FF62768C248008CA43B /* CL5_Artistry */;
			targetProxy = 702EA00E2768C249008CA43B /* PBXContainerItemProxy */;
		};
		702EA01A2768C249008CA43B /* PBXTargetDependency */ = {
			isa = PBXTargetDependency;
			target = 702E9FF62768C248008CA43B /* CL5_Artistry */;
			targetProxy = 702EA0192768C249008CA43B /* PBXContainerItemProxy */;
		};
/* End PBXTargetDependency section */

/* Begin PBXVariantGroup section */
		702EA0002768C248008CA43B /* Main.storyboard */ = {
			isa = PBXVariantGroup;
			children = (
				702EA0012768C248008CA43B /* Base */,
			);
			name = Main.storyboard;
			sourceTree = "<group>";
		};
		702EA0052768C249008CA43B /* LaunchScreen.storyboard */ = {
			isa = PBXVariantGroup;
			children = (
				702EA0062768C249008CA43B /* Base */,
			);
			name = LaunchScreen.storyboard;
			sourceTree = "<group>";
		};
/* End PBXVariantGroup section */

/* Begin XCBuildConfiguration section */
		702EA01F2768C249008CA43B /* Debug */ = {
			isa = XCBuildConfiguration;
			buildSettings = {
				ALWAYS_SEARCH_USER_PATHS = NO;
				CLANG_ANALYZER_NONNULL = YES;
				CLANG_ANALYZER_NUMBER_OBJECT_CONVERSION = YES_AGGRESSIVE;
				CLANG_CXX_LANGUAGE_STANDARD = "gnu++14";
				CLANG_CXX_LIBRARY = "libc++";
				CLANG_ENABLE_MODULES = YES;
				CLANG_ENABLE_OBJC_ARC = YES;
				CLANG_ENABLE_OBJC_WEAK = YES;
				CLANG_WARN_BLOCK_CAPTURE_AUTORELEASING = YES;
				CLANG_WARN_BOOL_CONVERSION = YES;
				CLANG_WARN_COMMA = YES;
				CLANG_WARN_CONSTANT_CONVERSION = YES;
				CLANG_WARN_DEPRECATED_OBJC_IMPLEMENTATIONS = YES;
				CLANG_WARN_DIRECT_OBJC_ISA_USAGE = YES_ERROR;
				CLANG_WARN_DOCUMENTATION_COMMENTS = YES;
				CLANG_WARN_EMPTY_BODY = YES;
				CLANG_WARN_ENUM_CONVERSION = YES;
				CLANG_WARN_INFINITE_RECURSION = YES;
				CLANG_WARN_INT_CONVERSION = YES;
				CLANG_WARN_NON_LITERAL_NULL_CONVERSION = YES;
				CLANG_WARN_OBJC_IMPLICIT_RETAIN_SELF = YES;
				CLANG_WARN_OBJC_LITERAL_CONVERSION = YES;
				CLANG_WARN_OBJC_ROOT_CLASS = YES_ERROR;
				CLANG_WARN_QUOTED_INCLUDE_IN_FRAMEWORK_HEADER = YES;
				CLANG_WARN_RANGE_LOOP_ANALYSIS = YES;
				CLANG_WARN_STRICT_PROTOTYPES = YES;
				CLANG_WARN_SUSPICIOUS_MOVE = YES;
				CLANG_WARN_UNGUARDED_AVAILABILITY = YES_AGGRESSIVE;
				CLANG_WARN_UNREACHABLE_CODE = YES;
				CLANG_WARN__DUPLICATE_METHOD_MATCH = YES;
				COPY_PHASE_STRIP = NO;
				DEBUG_INFORMATION_FORMAT = dwarf;
				ENABLE_STRICT_OBJC_MSGSEND = YES;
				ENABLE_TESTABILITY = YES;
				GCC_C_LANGUAGE_STANDARD = gnu11;
				GCC_DYNAMIC_NO_PIC = NO;
				GCC_NO_COMMON_BLOCKS = YES;
				GCC_OPTIMIZATION_LEVEL = 0;
				GCC_PREPROCESSOR_DEFINITIONS = (
					"DEBUG=1",
					"$(inherited)",
				);
				GCC_WARN_64_TO_32_BIT_CONVERSION = YES;
				GCC_WARN_ABOUT_RETURN_TYPE = YES_ERROR;
				GCC_WARN_UNDECLARED_SELECTOR = YES;
				GCC_WARN_UNINITIALIZED_AUTOS = YES_AGGRESSIVE;
				GCC_WARN_UNUSED_FUNCTION = YES;
				GCC_WARN_UNUSED_VARIABLE = YES;
				IPHONEOS_DEPLOYMENT_TARGET = 14.5;
				MTL_ENABLE_DEBUG_INFO = INCLUDE_SOURCE;
				MTL_FAST_MATH = YES;
				ONLY_ACTIVE_ARCH = YES;
				SDKROOT = iphoneos;
				SWIFT_ACTIVE_COMPILATION_CONDITIONS = DEBUG;
				SWIFT_OPTIMIZATION_LEVEL = "-Onone";
			};
			name = Debug;
		};
		702EA0202768C249008CA43B /* Release */ = {
			isa = XCBuildConfiguration;
			buildSettings = {
				ALWAYS_SEARCH_USER_PATHS = NO;
				CLANG_ANALYZER_NONNULL = YES;
				CLANG_ANALYZER_NUMBER_OBJECT_CONVERSION = YES_AGGRESSIVE;
				CLANG_CXX_LANGUAGE_STANDARD = "gnu++14";
				CLANG_CXX_LIBRARY = "libc++";
				CLANG_ENABLE_MODULES = YES;
				CLANG_ENABLE_OBJC_ARC = YES;
				CLANG_ENABLE_OBJC_WEAK = YES;
				CLANG_WARN_BLOCK_CAPTURE_AUTORELEASING = YES;
				CLANG_WARN_BOOL_CONVERSION = YES;
				CLANG_WARN_COMMA = YES;
				CLANG_WARN_CONSTANT_CONVERSION = YES;
				CLANG_WARN_DEPRECATED_OBJC_IMPLEMENTATIONS = YES;
				CLANG_WARN_DIRECT_OBJC_ISA_USAGE = YES_ERROR;
				CLANG_WARN_DOCUMENTATION_COMMENTS = YES;
				CLANG_WARN_EMPTY_BODY = YES;
				CLANG_WARN_ENUM_CONVERSION = YES;
				CLANG_WARN_INFINITE_RECURSION = YES;
				CLANG_WARN_INT_CONVERSION = YES;
				CLANG_WARN_NON_LITERAL_NULL_CONVERSION = YES;
				CLANG_WARN_OBJC_IMPLICIT_RETAIN_SELF = YES;
				CLANG_WARN_OBJC_LITERAL_CONVERSION = YES;
				CLANG_WARN_OBJC_ROOT_CLASS = YES_ERROR;
				CLANG_WARN_QUOTED_INCLUDE_IN_FRAMEWORK_HEADER = YES;
				CLANG_WARN_RANGE_LOOP_ANALYSIS = YES;
				CLANG_WARN_STRICT_PROTOTYPES = YES;
				CLANG_WARN_SUSPICIOUS_MOVE = YES;
				CLANG_WARN_UNGUARDED_AVAILABILITY = YES_AGGRESSIVE;
				CLANG_WARN_UNREACHABLE_CODE = YES;
				CLANG_WARN__DUPLICATE_METHOD_MATCH = YES;
				COPY_PHASE_STRIP = NO;
				DEBUG_INFORMATION_FORMAT = "dwarf-with-dsym";
				ENABLE_NS_ASSERTIONS = NO;
				ENABLE_STRICT_OBJC_MSGSEND = YES;
				GCC_C_LANGUAGE_STANDARD = gnu11;
				GCC_NO_COMMON_BLOCKS = YES;
				GCC_WARN_64_TO_32_BIT_CONVERSION = YES;
				GCC_WARN_ABOUT_RETURN_TYPE = YES_ERROR;
				GCC_WARN_UNDECLARED_SELECTOR = YES;
				GCC_WARN_UNINITIALIZED_AUTOS = YES_AGGRESSIVE;
				GCC_WARN_UNUSED_FUNCTION = YES;
				GCC_WARN_UNUSED_VARIABLE = YES;
				IPHONEOS_DEPLOYMENT_TARGET = 14.5;
				MTL_ENABLE_DEBUG_INFO = NO;
				MTL_FAST_MATH = YES;
				SDKROOT = iphoneos;
				SWIFT_COMPILATION_MODE = wholemodule;
				SWIFT_OPTIMIZATION_LEVEL = "-O";
				VALIDATE_PRODUCT = YES;
			};
			name = Release;
		};
		702EA0222768C249008CA43B /* Debug */ = {
			isa = XCBuildConfiguration;
			baseConfigurationReference = D342AE3C5064DB5A065DBDF9 /* Pods-CL5_Artistry.debug.xcconfig */;
			buildSettings = {
				ASSETCATALOG_COMPILER_APPICON_NAME = AppIcon;
				ASSETCATALOG_COMPILER_GLOBAL_ACCENT_COLOR_NAME = AccentColor;
				CODE_SIGN_STYLE = Automatic;
				INFOPLIST_FILE = CL5_Artistry/Info.plist;
				LD_RUNPATH_SEARCH_PATHS = (
					"$(inherited)",
					"@executable_path/Frameworks",
				);
				PRODUCT_BUNDLE_IDENTIFIER = "Jun.CL5-Artistry";
				PRODUCT_NAME = "$(TARGET_NAME)";
				SWIFT_VERSION = 5.0;
				TARGETED_DEVICE_FAMILY = "1,2";
			};
			name = Debug;
		};
		702EA0232768C249008CA43B /* Release */ = {
			isa = XCBuildConfiguration;
			baseConfigurationReference = 3462925AA5565AD15C715E84 /* Pods-CL5_Artistry.release.xcconfig */;
			buildSettings = {
				ASSETCATALOG_COMPILER_APPICON_NAME = AppIcon;
				ASSETCATALOG_COMPILER_GLOBAL_ACCENT_COLOR_NAME = AccentColor;
				CODE_SIGN_STYLE = Automatic;
				INFOPLIST_FILE = CL5_Artistry/Info.plist;
				LD_RUNPATH_SEARCH_PATHS = (
					"$(inherited)",
					"@executable_path/Frameworks",
				);
				PRODUCT_BUNDLE_IDENTIFIER = "Jun.CL5-Artistry";
				PRODUCT_NAME = "$(TARGET_NAME)";
				SWIFT_VERSION = 5.0;
				TARGETED_DEVICE_FAMILY = "1,2";
			};
			name = Release;
		};
		702EA0252768C249008CA43B /* Debug */ = {
			isa = XCBuildConfiguration;
			baseConfigurationReference = D46FA0CF11C8A6FDC6071BEA /* Pods-CL5_ArtistryTests.debug.xcconfig */;
			buildSettings = {
				ALWAYS_EMBED_SWIFT_STANDARD_LIBRARIES = YES;
				BUNDLE_LOADER = "$(TEST_HOST)";
				CODE_SIGN_STYLE = Automatic;
				INFOPLIST_FILE = CL5_ArtistryTests/Info.plist;
				IPHONEOS_DEPLOYMENT_TARGET = 14.5;
				LD_RUNPATH_SEARCH_PATHS = (
					"$(inherited)",
					"@executable_path/Frameworks",
					"@loader_path/Frameworks",
				);
				PRODUCT_BUNDLE_IDENTIFIER = "Jun.CL5-ArtistryTests";
				PRODUCT_NAME = "$(TARGET_NAME)";
				SWIFT_VERSION = 5.0;
				TARGETED_DEVICE_FAMILY = "1,2";
				TEST_HOST = "$(BUILT_PRODUCTS_DIR)/CL5_Artistry.app/CL5_Artistry";
			};
			name = Debug;
		};
		702EA0262768C249008CA43B /* Release */ = {
			isa = XCBuildConfiguration;
			baseConfigurationReference = 387FF4375CC34C0DEFE85715 /* Pods-CL5_ArtistryTests.release.xcconfig */;
			buildSettings = {
				ALWAYS_EMBED_SWIFT_STANDARD_LIBRARIES = YES;
				BUNDLE_LOADER = "$(TEST_HOST)";
				CODE_SIGN_STYLE = Automatic;
				INFOPLIST_FILE = CL5_ArtistryTests/Info.plist;
				IPHONEOS_DEPLOYMENT_TARGET = 14.5;
				LD_RUNPATH_SEARCH_PATHS = (
					"$(inherited)",
					"@executable_path/Frameworks",
					"@loader_path/Frameworks",
				);
				PRODUCT_BUNDLE_IDENTIFIER = "Jun.CL5-ArtistryTests";
				PRODUCT_NAME = "$(TARGET_NAME)";
				SWIFT_VERSION = 5.0;
				TARGETED_DEVICE_FAMILY = "1,2";
				TEST_HOST = "$(BUILT_PRODUCTS_DIR)/CL5_Artistry.app/CL5_Artistry";
			};
			name = Release;
		};
		702EA0282768C249008CA43B /* Debug */ = {
			isa = XCBuildConfiguration;
			baseConfigurationReference = 200D8990F5B492FF0A867B77 /* Pods-CL5_Artistry-CL5_ArtistryUITests.debug.xcconfig */;
			buildSettings = {
				ALWAYS_EMBED_SWIFT_STANDARD_LIBRARIES = YES;
				CODE_SIGN_STYLE = Automatic;
				INFOPLIST_FILE = CL5_ArtistryUITests/Info.plist;
				LD_RUNPATH_SEARCH_PATHS = (
					"$(inherited)",
					"@executable_path/Frameworks",
					"@loader_path/Frameworks",
				);
				PRODUCT_BUNDLE_IDENTIFIER = "Jun.CL5-ArtistryUITests";
				PRODUCT_NAME = "$(TARGET_NAME)";
				SWIFT_VERSION = 5.0;
				TARGETED_DEVICE_FAMILY = "1,2";
				TEST_TARGET_NAME = CL5_Artistry;
			};
			name = Debug;
		};
		702EA0292768C249008CA43B /* Release */ = {
			isa = XCBuildConfiguration;
			baseConfigurationReference = 8640981BD98AE1C65BCE6701 /* Pods-CL5_Artistry-CL5_ArtistryUITests.release.xcconfig */;
			buildSettings = {
				ALWAYS_EMBED_SWIFT_STANDARD_LIBRARIES = YES;
				CODE_SIGN_STYLE = Automatic;
				INFOPLIST_FILE = CL5_ArtistryUITests/Info.plist;
				LD_RUNPATH_SEARCH_PATHS = (
					"$(inherited)",
					"@executable_path/Frameworks",
					"@loader_path/Frameworks",
				);
				PRODUCT_BUNDLE_IDENTIFIER = "Jun.CL5-ArtistryUITests";
				PRODUCT_NAME = "$(TARGET_NAME)";
				SWIFT_VERSION = 5.0;
				TARGETED_DEVICE_FAMILY = "1,2";
				TEST_TARGET_NAME = CL5_Artistry;
			};
			name = Release;
		};
/* End XCBuildConfiguration section */

/* Begin XCConfigurationList section */
		702E9FF22768C248008CA43B /* Build configuration list for PBXProject "CL5_Artistry" */ = {
			isa = XCConfigurationList;
			buildConfigurations = (
				702EA01F2768C249008CA43B /* Debug */,
				702EA0202768C249008CA43B /* Release */,
			);
			defaultConfigurationIsVisible = 0;
			defaultConfigurationName = Release;
		};
		702EA0212768C249008CA43B /* Build configuration list for PBXNativeTarget "CL5_Artistry" */ = {
			isa = XCConfigurationList;
			buildConfigurations = (
				702EA0222768C249008CA43B /* Debug */,
				702EA0232768C249008CA43B /* Release */,
			);
			defaultConfigurationIsVisible = 0;
			defaultConfigurationName = Release;
		};
		702EA0242768C249008CA43B /* Build configuration list for PBXNativeTarget "CL5_ArtistryTests" */ = {
			isa = XCConfigurationList;
			buildConfigurations = (
				702EA0252768C249008CA43B /* Debug */,
				702EA0262768C249008CA43B /* Release */,
			);
			defaultConfigurationIsVisible = 0;
			defaultConfigurationName = Release;
		};
		702EA0272768C249008CA43B /* Build configuration list for PBXNativeTarget "CL5_ArtistryUITests" */ = {
			isa = XCConfigurationList;
			buildConfigurations = (
				702EA0282768C249008CA43B /* Debug */,
				702EA0292768C249008CA43B /* Release */,
			);
			defaultConfigurationIsVisible = 0;
			defaultConfigurationName = Release;
		};
/* End XCConfigurationList section */
	};
	rootObject = 702E9FEF2768C248008CA43B /* Project object */;
}
