// !$*UTF8*$!
{
	archiveVersion = 1;
	classes = {
	};
	objectVersion = 51;
	objects = {

/* Begin PBXBuildFile section */
		70F2836F27A83FC2009D4F52 /* AppDelegate.swift in Sources */ = {isa = PBXBuildFile; fileRef = 70F2836E27A83FC2009D4F52 /* AppDelegate.swift */; };
		70F2837127A83FC2009D4F52 /* SceneDelegate.swift in Sources */ = {isa = PBXBuildFile; fileRef = 70F2837027A83FC2009D4F52 /* SceneDelegate.swift */; };
		70F2837827A83FC3009D4F52 /* Assets.xcassets in Resources */ = {isa = PBXBuildFile; fileRef = 70F2837727A83FC3009D4F52 /* Assets.xcassets */; };
		70F2837B27A83FC3009D4F52 /* LaunchScreen.storyboard in Resources */ = {isa = PBXBuildFile; fileRef = 70F2837927A83FC3009D4F52 /* LaunchScreen.storyboard */; };
		70F2838C27A84057009D4F52 /* BaseViewController.swift in Sources */ = {isa = PBXBuildFile; fileRef = 70F2838B27A84057009D4F52 /* BaseViewController.swift */; };
		70F2838E27A84191009D4F52 /* StockListController.swift in Sources */ = {isa = PBXBuildFile; fileRef = 70F2838D27A84191009D4F52 /* StockListController.swift */; };
		70F2839127A841B5009D4F52 /* BaseView.swift in Sources */ = {isa = PBXBuildFile; fileRef = 70F2839027A841B5009D4F52 /* BaseView.swift */; };
		70F2839327A841F3009D4F52 /* StockListView.swift in Sources */ = {isa = PBXBuildFile; fileRef = 70F2839227A841F3009D4F52 /* StockListView.swift */; };
		70F2839527A8435B009D4F52 /* Coordinator.swift in Sources */ = {isa = PBXBuildFile; fileRef = 70F2839427A8435B009D4F52 /* Coordinator.swift */; };
		70F2839727A843CC009D4F52 /* CompositionRoot.swift in Sources */ = {isa = PBXBuildFile; fileRef = 70F2839627A843CC009D4F52 /* CompositionRoot.swift */; };
		70F2839927A85546009D4F52 /* MainCoordinator.swift in Sources */ = {isa = PBXBuildFile; fileRef = 70F2839827A85546009D4F52 /* MainCoordinator.swift */; };
		70F283BD27A88140009D4F52 /* StockRepository.swift in Sources */ = {isa = PBXBuildFile; fileRef = 70F283BC27A88140009D4F52 /* StockRepository.swift */; };
		70F283BF27A88157009D4F52 /* StockRepositoryImpl.swift in Sources */ = {isa = PBXBuildFile; fileRef = 70F283BE27A88157009D4F52 /* StockRepositoryImpl.swift */; };
		70F283C127A8E7A5009D4F52 /* Stock.swift in Sources */ = {isa = PBXBuildFile; fileRef = 70F283C027A8E7A5009D4F52 /* Stock.swift */; };
		70F283C327A9030D009D4F52 /* StockUseCase.swift in Sources */ = {isa = PBXBuildFile; fileRef = 70F283C227A9030D009D4F52 /* StockUseCase.swift */; };
		70F283C527A9039A009D4F52 /* StockListViewModel.swift in Sources */ = {isa = PBXBuildFile; fileRef = 70F283C427A9039A009D4F52 /* StockListViewModel.swift */; };
		70F283C727AC4226009D4F52 /* LoadingView.swift in Sources */ = {isa = PBXBuildFile; fileRef = 70F283C627AC4226009D4F52 /* LoadingView.swift */; };
		70F283C927AC4472009D4F52 /* Font.swift in Sources */ = {isa = PBXBuildFile; fileRef = 70F283C827AC4472009D4F52 /* Font.swift */; };
		70F283CB27AC453E009D4F52 /* StockCell.swift in Sources */ = {isa = PBXBuildFile; fileRef = 70F283CA27AC453E009D4F52 /* StockCell.swift */; };
		70F283CD27AC47FA009D4F52 /* StockList+TableView.swift in Sources */ = {isa = PBXBuildFile; fileRef = 70F283CC27AC47FA009D4F52 /* StockList+TableView.swift */; };
		70F2840427B02C85009D4F52 /* EmptyView.swift in Sources */ = {isa = PBXBuildFile; fileRef = 70F2840327B02C85009D4F52 /* EmptyView.swift */; };
		70F2840627B02FA9009D4F52 /* StockDetailController.swift in Sources */ = {isa = PBXBuildFile; fileRef = 70F2840527B02FA9009D4F52 /* StockDetailController.swift */; };
		70F2840827B03AFE009D4F52 /* StockDetailView.swift in Sources */ = {isa = PBXBuildFile; fileRef = 70F2840727B03AFE009D4F52 /* StockDetailView.swift */; };
		70F2840A27B13AC2009D4F52 /* StockDetailTopView.swift in Sources */ = {isa = PBXBuildFile; fileRef = 70F2840927B13AC2009D4F52 /* StockDetailTopView.swift */; };
		70F2840C27B13C79009D4F52 /* StockDetailBottomView.swift in Sources */ = {isa = PBXBuildFile; fileRef = 70F2840B27B13C79009D4F52 /* StockDetailBottomView.swift */; };
		70F2840E27B1895D009D4F52 /* TimeSeriesMonthlyAdjusted.swift in Sources */ = {isa = PBXBuildFile; fileRef = 70F2840D27B1895D009D4F52 /* TimeSeriesMonthlyAdjusted.swift */; };
		70F2841027B2A103009D4F52 /* StockDetailViewModel.swift in Sources */ = {isa = PBXBuildFile; fileRef = 70F2840F27B2A103009D4F52 /* StockDetailViewModel.swift */; };
		70F2841327B2A141009D4F52 /* Error+ErrorDescription.swift in Sources */ = {isa = PBXBuildFile; fileRef = 70F2841227B2A141009D4F52 /* Error+ErrorDescription.swift */; };
		70F2841527B2A1EA009D4F52 /* BaseViewModel.swift in Sources */ = {isa = PBXBuildFile; fileRef = 70F2841427B2A1EA009D4F52 /* BaseViewModel.swift */; };
		70F2841727B2A2CC009D4F52 /* StockDetailUseCase.swift in Sources */ = {isa = PBXBuildFile; fileRef = 70F2841627B2A2CC009D4F52 /* StockDetailUseCase.swift */; };
		70F2841927B2C48C009D4F52 /* MonthInfo.swift in Sources */ = {isa = PBXBuildFile; fileRef = 70F2841827B2C48C009D4F52 /* MonthInfo.swift */; };
		DD3433A91778C1B670E8A2C1 /* Pods_StockTutorial.framework in Frameworks */ = {isa = PBXBuildFile; fileRef = 043A8117D4863EF725349BDB /* Pods_StockTutorial.framework */; };
/* End PBXBuildFile section */

/* Begin PBXFileReference section */
		043A8117D4863EF725349BDB /* Pods_StockTutorial.framework */ = {isa = PBXFileReference; explicitFileType = wrapper.framework; includeInIndex = 0; path = Pods_StockTutorial.framework; sourceTree = BUILT_PRODUCTS_DIR; };
		70F2836B27A83FC2009D4F52 /* StockTutorial.app */ = {isa = PBXFileReference; explicitFileType = wrapper.application; includeInIndex = 0; path = StockTutorial.app; sourceTree = BUILT_PRODUCTS_DIR; };
		70F2836E27A83FC2009D4F52 /* AppDelegate.swift */ = {isa = PBXFileReference; lastKnownFileType = sourcecode.swift; path = AppDelegate.swift; sourceTree = "<group>"; };
		70F2837027A83FC2009D4F52 /* SceneDelegate.swift */ = {isa = PBXFileReference; lastKnownFileType = sourcecode.swift; path = SceneDelegate.swift; sourceTree = "<group>"; };
		70F2837727A83FC3009D4F52 /* Assets.xcassets */ = {isa = PBXFileReference; lastKnownFileType = folder.assetcatalog; path = Assets.xcassets; sourceTree = "<group>"; };
		70F2837A27A83FC3009D4F52 /* Base */ = {isa = PBXFileReference; lastKnownFileType = file.storyboard; name = Base; path = Base.lproj/LaunchScreen.storyboard; sourceTree = "<group>"; };
		70F2837C27A83FC3009D4F52 /* Info.plist */ = {isa = PBXFileReference; lastKnownFileType = text.plist.xml; path = Info.plist; sourceTree = "<group>"; };
		70F2838B27A84057009D4F52 /* BaseViewController.swift */ = {isa = PBXFileReference; lastKnownFileType = sourcecode.swift; path = BaseViewController.swift; sourceTree = "<group>"; };
		70F2838D27A84191009D4F52 /* StockListController.swift */ = {isa = PBXFileReference; lastKnownFileType = sourcecode.swift; path = StockListController.swift; sourceTree = "<group>"; };
		70F2839027A841B5009D4F52 /* BaseView.swift */ = {isa = PBXFileReference; lastKnownFileType = sourcecode.swift; path = BaseView.swift; sourceTree = "<group>"; };
		70F2839227A841F3009D4F52 /* StockListView.swift */ = {isa = PBXFileReference; lastKnownFileType = sourcecode.swift; path = StockListView.swift; sourceTree = "<group>"; };
		70F2839427A8435B009D4F52 /* Coordinator.swift */ = {isa = PBXFileReference; lastKnownFileType = sourcecode.swift; path = Coordinator.swift; sourceTree = "<group>"; };
		70F2839627A843CC009D4F52 /* CompositionRoot.swift */ = {isa = PBXFileReference; lastKnownFileType = sourcecode.swift; path = CompositionRoot.swift; sourceTree = "<group>"; };
		70F2839827A85546009D4F52 /* MainCoordinator.swift */ = {isa = PBXFileReference; lastKnownFileType = sourcecode.swift; path = MainCoordinator.swift; sourceTree = "<group>"; };
		70F283BC27A88140009D4F52 /* StockRepository.swift */ = {isa = PBXFileReference; lastKnownFileType = sourcecode.swift; path = StockRepository.swift; sourceTree = "<group>"; };
		70F283BE27A88157009D4F52 /* StockRepositoryImpl.swift */ = {isa = PBXFileReference; lastKnownFileType = sourcecode.swift; path = StockRepositoryImpl.swift; sourceTree = "<group>"; };
		70F283C027A8E7A5009D4F52 /* Stock.swift */ = {isa = PBXFileReference; lastKnownFileType = sourcecode.swift; path = Stock.swift; sourceTree = "<group>"; };
		70F283C227A9030D009D4F52 /* StockUseCase.swift */ = {isa = PBXFileReference; lastKnownFileType = sourcecode.swift; path = StockUseCase.swift; sourceTree = "<group>"; };
		70F283C427A9039A009D4F52 /* StockListViewModel.swift */ = {isa = PBXFileReference; lastKnownFileType = sourcecode.swift; path = StockListViewModel.swift; sourceTree = "<group>"; };
		70F283C627AC4226009D4F52 /* LoadingView.swift */ = {isa = PBXFileReference; lastKnownFileType = sourcecode.swift; path = LoadingView.swift; sourceTree = "<group>"; };
		70F283C827AC4472009D4F52 /* Font.swift */ = {isa = PBXFileReference; lastKnownFileType = sourcecode.swift; path = Font.swift; sourceTree = "<group>"; };
		70F283CA27AC453E009D4F52 /* StockCell.swift */ = {isa = PBXFileReference; lastKnownFileType = sourcecode.swift; path = StockCell.swift; sourceTree = "<group>"; };
		70F283CC27AC47FA009D4F52 /* StockList+TableView.swift */ = {isa = PBXFileReference; lastKnownFileType = sourcecode.swift; path = "StockList+TableView.swift"; sourceTree = "<group>"; };
		70F2840327B02C85009D4F52 /* EmptyView.swift */ = {isa = PBXFileReference; lastKnownFileType = sourcecode.swift; path = EmptyView.swift; sourceTree = "<group>"; };
		70F2840527B02FA9009D4F52 /* StockDetailController.swift */ = {isa = PBXFileReference; lastKnownFileType = sourcecode.swift; path = StockDetailController.swift; sourceTree = "<group>"; };
		70F2840727B03AFE009D4F52 /* StockDetailView.swift */ = {isa = PBXFileReference; lastKnownFileType = sourcecode.swift; path = StockDetailView.swift; sourceTree = "<group>"; };
		70F2840927B13AC2009D4F52 /* StockDetailTopView.swift */ = {isa = PBXFileReference; lastKnownFileType = sourcecode.swift; path = StockDetailTopView.swift; sourceTree = "<group>"; };
		70F2840B27B13C79009D4F52 /* StockDetailBottomView.swift */ = {isa = PBXFileReference; lastKnownFileType = sourcecode.swift; path = StockDetailBottomView.swift; sourceTree = "<group>"; };
		70F2840D27B1895D009D4F52 /* TimeSeriesMonthlyAdjusted.swift */ = {isa = PBXFileReference; lastKnownFileType = sourcecode.swift; path = TimeSeriesMonthlyAdjusted.swift; sourceTree = "<group>"; };
		70F2840F27B2A103009D4F52 /* StockDetailViewModel.swift */ = {isa = PBXFileReference; lastKnownFileType = sourcecode.swift; path = StockDetailViewModel.swift; sourceTree = "<group>"; };
		70F2841227B2A141009D4F52 /* Error+ErrorDescription.swift */ = {isa = PBXFileReference; lastKnownFileType = sourcecode.swift; path = "Error+ErrorDescription.swift"; sourceTree = "<group>"; };
		70F2841427B2A1EA009D4F52 /* BaseViewModel.swift */ = {isa = PBXFileReference; lastKnownFileType = sourcecode.swift; path = BaseViewModel.swift; sourceTree = "<group>"; };
		70F2841627B2A2CC009D4F52 /* StockDetailUseCase.swift */ = {isa = PBXFileReference; lastKnownFileType = sourcecode.swift; path = StockDetailUseCase.swift; sourceTree = "<group>"; };
		70F2841827B2C48C009D4F52 /* MonthInfo.swift */ = {isa = PBXFileReference; lastKnownFileType = sourcecode.swift; path = MonthInfo.swift; sourceTree = "<group>"; };
		830DA7CF81E28E33B62A9E7D /* Pods-StockTutorial.release.xcconfig */ = {isa = PBXFileReference; includeInIndex = 1; lastKnownFileType = text.xcconfig; name = "Pods-StockTutorial.release.xcconfig"; path = "Target Support Files/Pods-StockTutorial/Pods-StockTutorial.release.xcconfig"; sourceTree = "<group>"; };
		E1DF05BC38DC35149B0E43B7 /* Pods-StockTutorial.debug.xcconfig */ = {isa = PBXFileReference; includeInIndex = 1; lastKnownFileType = text.xcconfig; name = "Pods-StockTutorial.debug.xcconfig"; path = "Target Support Files/Pods-StockTutorial/Pods-StockTutorial.debug.xcconfig"; sourceTree = "<group>"; };
/* End PBXFileReference section */

/* Begin PBXFrameworksBuildPhase section */
		70F2836827A83FC2009D4F52 /* Frameworks */ = {
			isa = PBXFrameworksBuildPhase;
			buildActionMask = 2147483647;
			files = (
				DD3433A91778C1B670E8A2C1 /* Pods_StockTutorial.framework in Frameworks */,
			);
			runOnlyForDeploymentPostprocessing = 0;
		};
/* End PBXFrameworksBuildPhase section */

/* Begin PBXGroup section */
		2425D13F7A9B856031CAADA1 /* Frameworks */ = {
			isa = PBXGroup;
			children = (
				043A8117D4863EF725349BDB /* Pods_StockTutorial.framework */,
			);
			name = Frameworks;
			sourceTree = "<group>";
		};
		6A818E78080327FBB3C7B8FB /* Pods */ = {
			isa = PBXGroup;
			children = (
				E1DF05BC38DC35149B0E43B7 /* Pods-StockTutorial.debug.xcconfig */,
				830DA7CF81E28E33B62A9E7D /* Pods-StockTutorial.release.xcconfig */,
			);
			path = Pods;
			sourceTree = "<group>";
		};
		70F2836227A83FC2009D4F52 = {
			isa = PBXGroup;
			children = (
				70F2836D27A83FC2009D4F52 /* StockTutorial */,
				70F2836C27A83FC2009D4F52 /* Products */,
				6A818E78080327FBB3C7B8FB /* Pods */,
				2425D13F7A9B856031CAADA1 /* Frameworks */,
			);
			sourceTree = "<group>";
		};
		70F2836C27A83FC2009D4F52 /* Products */ = {
			isa = PBXGroup;
			children = (
				70F2836B27A83FC2009D4F52 /* StockTutorial.app */,
			);
			name = Products;
			sourceTree = "<group>";
		};
		70F2836D27A83FC2009D4F52 /* StockTutorial */ = {
			isa = PBXGroup;
			children = (
				70F2841127B2A136009D4F52 /* Extension */,
				70F2838A27A84040009D4F52 /* Domain */,
				70F2838927A8403C009D4F52 /* Repository */,
				70F2838827A84038009D4F52 /* Model */,
				70F2838727A84033009D4F52 /* Component */,
				70F2838627A8402E009D4F52 /* View */,
				70F2838427A84023009D4F52 /* Controller */,
				70F2838327A8401B009D4F52 /* Coordinator */,
				70F2838227A84013009D4F52 /* DI */,
				70F2836E27A83FC2009D4F52 /* AppDelegate.swift */,
				70F2837027A83FC2009D4F52 /* SceneDelegate.swift */,
				70F2837727A83FC3009D4F52 /* Assets.xcassets */,
				70F2837927A83FC3009D4F52 /* LaunchScreen.storyboard */,
				70F2837C27A83FC3009D4F52 /* Info.plist */,
			);
			path = StockTutorial;
			sourceTree = "<group>";
		};
		70F2838227A84013009D4F52 /* DI */ = {
			isa = PBXGroup;
			children = (
				70F2839627A843CC009D4F52 /* CompositionRoot.swift */,
			);
			path = DI;
			sourceTree = "<group>";
		};
		70F2838327A8401B009D4F52 /* Coordinator */ = {
			isa = PBXGroup;
			children = (
				70F2839427A8435B009D4F52 /* Coordinator.swift */,
				70F2839827A85546009D4F52 /* MainCoordinator.swift */,
			);
			path = Coordinator;
			sourceTree = "<group>";
		};
		70F2838427A84023009D4F52 /* Controller */ = {
			isa = PBXGroup;
			children = (
				70F2838B27A84057009D4F52 /* BaseViewController.swift */,
				70F2838D27A84191009D4F52 /* StockListController.swift */,
				70F283CC27AC47FA009D4F52 /* StockList+TableView.swift */,
				70F2840527B02FA9009D4F52 /* StockDetailController.swift */,
				70F283C427A9039A009D4F52 /* StockListViewModel.swift */,
				70F2840F27B2A103009D4F52 /* StockDetailViewModel.swift */,
				70F2841427B2A1EA009D4F52 /* BaseViewModel.swift */,
			);
			path = Controller;
			sourceTree = "<group>";
		};
		70F2838627A8402E009D4F52 /* View */ = {
			isa = PBXGroup;
			children = (
				70F2839027A841B5009D4F52 /* BaseView.swift */,
				70F2839227A841F3009D4F52 /* StockListView.swift */,
				70F283CA27AC453E009D4F52 /* StockCell.swift */,
				70F2840327B02C85009D4F52 /* EmptyView.swift */,
				70F2840727B03AFE009D4F52 /* StockDetailView.swift */,
				70F2840927B13AC2009D4F52 /* StockDetailTopView.swift */,
				70F2840B27B13C79009D4F52 /* StockDetailBottomView.swift */,
			);
			path = View;
			sourceTree = "<group>";
		};
		70F2838727A84033009D4F52 /* Component */ = {
			isa = PBXGroup;
			children = (
				70F283C627AC4226009D4F52 /* LoadingView.swift */,
				70F283C827AC4472009D4F52 /* Font.swift */,
			);
			path = Component;
			sourceTree = "<group>";
		};
		70F2838827A84038009D4F52 /* Model */ = {
			isa = PBXGroup;
			children = (
				70F283C027A8E7A5009D4F52 /* Stock.swift */,
				70F2840D27B1895D009D4F52 /* TimeSeriesMonthlyAdjusted.swift */,
				70F2841827B2C48C009D4F52 /* MonthInfo.swift */,
			);
			path = Model;
			sourceTree = "<group>";
		};
		70F2838927A8403C009D4F52 /* Repository */ = {
			isa = PBXGroup;
			children = (
				70F283BC27A88140009D4F52 /* StockRepository.swift */,
				70F283BE27A88157009D4F52 /* StockRepositoryImpl.swift */,
			);
			path = Repository;
			sourceTree = "<group>";
		};
		70F2838A27A84040009D4F52 /* Domain */ = {
			isa = PBXGroup;
			children = (
				70F283C227A9030D009D4F52 /* StockUseCase.swift */,
				70F2841627B2A2CC009D4F52 /* StockDetailUseCase.swift */,
			);
			path = Domain;
			sourceTree = "<group>";
		};
		70F2841127B2A136009D4F52 /* Extension */ = {
			isa = PBXGroup;
			children = (
				70F2841227B2A141009D4F52 /* Error+ErrorDescription.swift */,
			);
			path = Extension;
			sourceTree = "<group>";
		};
/* End PBXGroup section */

/* Begin PBXNativeTarget section */
		70F2836A27A83FC2009D4F52 /* StockTutorial */ = {
			isa = PBXNativeTarget;
			buildConfigurationList = 70F2837F27A83FC3009D4F52 /* Build configuration list for PBXNativeTarget "StockTutorial" */;
			buildPhases = (
				910B23F85C2AA1C259EB9FC8 /* [CP] Check Pods Manifest.lock */,
				70F2836727A83FC2009D4F52 /* Sources */,
				70F2836827A83FC2009D4F52 /* Frameworks */,
				70F2836927A83FC2009D4F52 /* Resources */,
				66DF6CA7C4FC2512280A4789 /* [CP] Embed Pods Frameworks */,
			);
			buildRules = (
			);
			dependencies = (
			);
			name = StockTutorial;
			productName = StockTutorial;
			productReference = 70F2836B27A83FC2009D4F52 /* StockTutorial.app */;
			productType = "com.apple.product-type.application";
		};
/* End PBXNativeTarget section */

/* Begin PBXProject section */
		70F2836327A83FC2009D4F52 /* Project object */ = {
			isa = PBXProject;
			attributes = {
				LastSwiftUpdateCheck = 1250;
				LastUpgradeCheck = 1250;
				TargetAttributes = {
					70F2836A27A83FC2009D4F52 = {
						CreatedOnToolsVersion = 12.5;
					};
				};
			};
			buildConfigurationList = 70F2836627A83FC2009D4F52 /* Build configuration list for PBXProject "StockTutorial" */;
			compatibilityVersion = "Xcode 9.3";
			developmentRegion = en;
			hasScannedForEncodings = 0;
			knownRegions = (
				en,
				Base,
			);
			mainGroup = 70F2836227A83FC2009D4F52;
			productRefGroup = 70F2836C27A83FC2009D4F52 /* Products */;
			projectDirPath = "";
			projectRoot = "";
			targets = (
				70F2836A27A83FC2009D4F52 /* StockTutorial */,
			);
		};
/* End PBXProject section */

/* Begin PBXResourcesBuildPhase section */
		70F2836927A83FC2009D4F52 /* Resources */ = {
			isa = PBXResourcesBuildPhase;
			buildActionMask = 2147483647;
			files = (
				70F2837B27A83FC3009D4F52 /* LaunchScreen.storyboard in Resources */,
				70F2837827A83FC3009D4F52 /* Assets.xcassets in Resources */,
			);
			runOnlyForDeploymentPostprocessing = 0;
		};
/* End PBXResourcesBuildPhase section */

/* Begin PBXShellScriptBuildPhase section */
		66DF6CA7C4FC2512280A4789 /* [CP] Embed Pods Frameworks */ = {
			isa = PBXShellScriptBuildPhase;
			buildActionMask = 2147483647;
			files = (
			);
			inputFileListPaths = (
				"${PODS_ROOT}/Target Support Files/Pods-StockTutorial/Pods-StockTutorial-frameworks-${CONFIGURATION}-input-files.xcfilelist",
			);
			name = "[CP] Embed Pods Frameworks";
			outputFileListPaths = (
				"${PODS_ROOT}/Target Support Files/Pods-StockTutorial/Pods-StockTutorial-frameworks-${CONFIGURATION}-output-files.xcfilelist",
			);
			runOnlyForDeploymentPostprocessing = 0;
			shellPath = /bin/sh;
			shellScript = "\"${PODS_ROOT}/Target Support Files/Pods-StockTutorial/Pods-StockTutorial-frameworks.sh\"\n";
			showEnvVarsInLog = 0;
		};
		910B23F85C2AA1C259EB9FC8 /* [CP] Check Pods Manifest.lock */ = {
			isa = PBXShellScriptBuildPhase;
			buildActionMask = 2147483647;
			files = (
			);
			inputFileListPaths = (
			);
			inputPaths = (
				"${PODS_PODFILE_DIR_PATH}/Podfile.lock",
				"${PODS_ROOT}/Manifest.lock",
			);
			name = "[CP] Check Pods Manifest.lock";
			outputFileListPaths = (
			);
			outputPaths = (
				"$(DERIVED_FILE_DIR)/Pods-StockTutorial-checkManifestLockResult.txt",
			);
			runOnlyForDeploymentPostprocessing = 0;
			shellPath = /bin/sh;
			shellScript = "diff \"${PODS_PODFILE_DIR_PATH}/Podfile.lock\" \"${PODS_ROOT}/Manifest.lock\" > /dev/null\nif [ $? != 0 ] ; then\n    # print error to STDERR\n    echo \"error: The sandbox is not in sync with the Podfile.lock. Run 'pod install' or update your CocoaPods installation.\" >&2\n    exit 1\nfi\n# This output is used by Xcode 'outputs' to avoid re-running this script phase.\necho \"SUCCESS\" > \"${SCRIPT_OUTPUT_FILE_0}\"\n";
			showEnvVarsInLog = 0;
		};
/* End PBXShellScriptBuildPhase section */

/* Begin PBXSourcesBuildPhase section */
		70F2836727A83FC2009D4F52 /* Sources */ = {
			isa = PBXSourcesBuildPhase;
			buildActionMask = 2147483647;
			files = (
				70F2840A27B13AC2009D4F52 /* StockDetailTopView.swift in Sources */,
				70F2839727A843CC009D4F52 /* CompositionRoot.swift in Sources */,
				70F283C527A9039A009D4F52 /* StockListViewModel.swift in Sources */,
				70F2838E27A84191009D4F52 /* StockListController.swift in Sources */,
				70F2841327B2A141009D4F52 /* Error+ErrorDescription.swift in Sources */,
				70F2841527B2A1EA009D4F52 /* BaseViewModel.swift in Sources */,
				70F283C127A8E7A5009D4F52 /* Stock.swift in Sources */,
				70F283CB27AC453E009D4F52 /* StockCell.swift in Sources */,
				70F2840627B02FA9009D4F52 /* StockDetailController.swift in Sources */,
				70F2840427B02C85009D4F52 /* EmptyView.swift in Sources */,
				70F2840827B03AFE009D4F52 /* StockDetailView.swift in Sources */,
				70F2841027B2A103009D4F52 /* StockDetailViewModel.swift in Sources */,
				70F2836F27A83FC2009D4F52 /* AppDelegate.swift in Sources */,
				70F2839127A841B5009D4F52 /* BaseView.swift in Sources */,
				70F2840E27B1895D009D4F52 /* TimeSeriesMonthlyAdjusted.swift in Sources */,
				70F283BD27A88140009D4F52 /* StockRepository.swift in Sources */,
				70F283BF27A88157009D4F52 /* StockRepositoryImpl.swift in Sources */,
				70F283C727AC4226009D4F52 /* LoadingView.swift in Sources */,
				70F283CD27AC47FA009D4F52 /* StockList+TableView.swift in Sources */,
				70F2839927A85546009D4F52 /* MainCoordinator.swift in Sources */,
				70F2839327A841F3009D4F52 /* StockListView.swift in Sources */,
				70F2837127A83FC2009D4F52 /* SceneDelegate.swift in Sources */,
				70F283C927AC4472009D4F52 /* Font.swift in Sources */,
				70F2838C27A84057009D4F52 /* BaseViewController.swift in Sources */,
				70F2840C27B13C79009D4F52 /* StockDetailBottomView.swift in Sources */,
				70F2841927B2C48C009D4F52 /* MonthInfo.swift in Sources */,
				70F283C327A9030D009D4F52 /* StockUseCase.swift in Sources */,
				70F2839527A8435B009D4F52 /* Coordinator.swift in Sources */,
				70F2841727B2A2CC009D4F52 /* StockDetailUseCase.swift in Sources */,
			);
			runOnlyForDeploymentPostprocessing = 0;
		};
/* End PBXSourcesBuildPhase section */

/* Begin PBXVariantGroup section */
		70F2837927A83FC3009D4F52 /* LaunchScreen.storyboard */ = {
			isa = PBXVariantGroup;
			children = (
				70F2837A27A83FC3009D4F52 /* Base */,
			);
			name = LaunchScreen.storyboard;
			sourceTree = "<group>";
		};
/* End PBXVariantGroup section */

/* Begin XCBuildConfiguration section */
		70F2837D27A83FC3009D4F52 /* Debug */ = {
			isa = XCBuildConfiguration;
			buildSettings = {
				ALWAYS_SEARCH_USER_PATHS = NO;
				CLANG_ANALYZER_NONNULL = YES;
				CLANG_ANALYZER_NUMBER_OBJECT_CONVERSION = YES_AGGRESSIVE;
				CLANG_CXX_LANGUAGE_STANDARD = "gnu++14";
				CLANG_CXX_LIBRARY = "libc++";
				CLANG_ENABLE_MODULES = YES;
				CLANG_ENABLE_OBJC_ARC = YES;
				CLANG_ENABLE_OBJC_WEAK = YES;
				CLANG_WARN_BLOCK_CAPTURE_AUTORELEASING = YES;
				CLANG_WARN_BOOL_CONVERSION = YES;
				CLANG_WARN_COMMA = YES;
				CLANG_WARN_CONSTANT_CONVERSION = YES;
				CLANG_WARN_DEPRECATED_OBJC_IMPLEMENTATIONS = YES;
				CLANG_WARN_DIRECT_OBJC_ISA_USAGE = YES_ERROR;
				CLANG_WARN_DOCUMENTATION_COMMENTS = YES;
				CLANG_WARN_EMPTY_BODY = YES;
				CLANG_WARN_ENUM_CONVERSION = YES;
				CLANG_WARN_INFINITE_RECURSION = YES;
				CLANG_WARN_INT_CONVERSION = YES;
				CLANG_WARN_NON_LITERAL_NULL_CONVERSION = YES;
				CLANG_WARN_OBJC_IMPLICIT_RETAIN_SELF = YES;
				CLANG_WARN_OBJC_LITERAL_CONVERSION = YES;
				CLANG_WARN_OBJC_ROOT_CLASS = YES_ERROR;
				CLANG_WARN_QUOTED_INCLUDE_IN_FRAMEWORK_HEADER = YES;
				CLANG_WARN_RANGE_LOOP_ANALYSIS = YES;
				CLANG_WARN_STRICT_PROTOTYPES = YES;
				CLANG_WARN_SUSPICIOUS_MOVE = YES;
				CLANG_WARN_UNGUARDED_AVAILABILITY = YES_AGGRESSIVE;
				CLANG_WARN_UNREACHABLE_CODE = YES;
				CLANG_WARN__DUPLICATE_METHOD_MATCH = YES;
				COPY_PHASE_STRIP = NO;
				DEBUG_INFORMATION_FORMAT = dwarf;
				ENABLE_STRICT_OBJC_MSGSEND = YES;
				ENABLE_TESTABILITY = YES;
				GCC_C_LANGUAGE_STANDARD = gnu11;
				GCC_DYNAMIC_NO_PIC = NO;
				GCC_NO_COMMON_BLOCKS = YES;
				GCC_OPTIMIZATION_LEVEL = 0;
				GCC_PREPROCESSOR_DEFINITIONS = (
					"DEBUG=1",
					"$(inherited)",
				);
				GCC_WARN_64_TO_32_BIT_CONVERSION = YES;
				GCC_WARN_ABOUT_RETURN_TYPE = YES_ERROR;
				GCC_WARN_UNDECLARED_SELECTOR = YES;
				GCC_WARN_UNINITIALIZED_AUTOS = YES_AGGRESSIVE;
				GCC_WARN_UNUSED_FUNCTION = YES;
				GCC_WARN_UNUSED_VARIABLE = YES;
				IPHONEOS_DEPLOYMENT_TARGET = 14.5;
				MTL_ENABLE_DEBUG_INFO = INCLUDE_SOURCE;
				MTL_FAST_MATH = YES;
				ONLY_ACTIVE_ARCH = YES;
				SDKROOT = iphoneos;
				SWIFT_ACTIVE_COMPILATION_CONDITIONS = DEBUG;
				SWIFT_OPTIMIZATION_LEVEL = "-Onone";
			};
			name = Debug;
		};
		70F2837E27A83FC3009D4F52 /* Release */ = {
			isa = XCBuildConfiguration;
			buildSettings = {
				ALWAYS_SEARCH_USER_PATHS = NO;
				CLANG_ANALYZER_NONNULL = YES;
				CLANG_ANALYZER_NUMBER_OBJECT_CONVERSION = YES_AGGRESSIVE;
				CLANG_CXX_LANGUAGE_STANDARD = "gnu++14";
				CLANG_CXX_LIBRARY = "libc++";
				CLANG_ENABLE_MODULES = YES;
				CLANG_ENABLE_OBJC_ARC = YES;
				CLANG_ENABLE_OBJC_WEAK = YES;
				CLANG_WARN_BLOCK_CAPTURE_AUTORELEASING = YES;
				CLANG_WARN_BOOL_CONVERSION = YES;
				CLANG_WARN_COMMA = YES;
				CLANG_WARN_CONSTANT_CONVERSION = YES;
				CLANG_WARN_DEPRECATED_OBJC_IMPLEMENTATIONS = YES;
				CLANG_WARN_DIRECT_OBJC_ISA_USAGE = YES_ERROR;
				CLANG_WARN_DOCUMENTATION_COMMENTS = YES;
				CLANG_WARN_EMPTY_BODY = YES;
				CLANG_WARN_ENUM_CONVERSION = YES;
				CLANG_WARN_INFINITE_RECURSION = YES;
				CLANG_WARN_INT_CONVERSION = YES;
				CLANG_WARN_NON_LITERAL_NULL_CONVERSION = YES;
				CLANG_WARN_OBJC_IMPLICIT_RETAIN_SELF = YES;
				CLANG_WARN_OBJC_LITERAL_CONVERSION = YES;
				CLANG_WARN_OBJC_ROOT_CLASS = YES_ERROR;
				CLANG_WARN_QUOTED_INCLUDE_IN_FRAMEWORK_HEADER = YES;
				CLANG_WARN_RANGE_LOOP_ANALYSIS = YES;
				CLANG_WARN_STRICT_PROTOTYPES = YES;
				CLANG_WARN_SUSPICIOUS_MOVE = YES;
				CLANG_WARN_UNGUARDED_AVAILABILITY = YES_AGGRESSIVE;
				CLANG_WARN_UNREACHABLE_CODE = YES;
				CLANG_WARN__DUPLICATE_METHOD_MATCH = YES;
				COPY_PHASE_STRIP = NO;
				DEBUG_INFORMATION_FORMAT = "dwarf-with-dsym";
				ENABLE_NS_ASSERTIONS = NO;
				ENABLE_STRICT_OBJC_MSGSEND = YES;
				GCC_C_LANGUAGE_STANDARD = gnu11;
				GCC_NO_COMMON_BLOCKS = YES;
				GCC_WARN_64_TO_32_BIT_CONVERSION = YES;
				GCC_WARN_ABOUT_RETURN_TYPE = YES_ERROR;
				GCC_WARN_UNDECLARED_SELECTOR = YES;
				GCC_WARN_UNINITIALIZED_AUTOS = YES_AGGRESSIVE;
				GCC_WARN_UNUSED_FUNCTION = YES;
				GCC_WARN_UNUSED_VARIABLE = YES;
				IPHONEOS_DEPLOYMENT_TARGET = 14.5;
				MTL_ENABLE_DEBUG_INFO = NO;
				MTL_FAST_MATH = YES;
				SDKROOT = iphoneos;
				SWIFT_COMPILATION_MODE = wholemodule;
				SWIFT_OPTIMIZATION_LEVEL = "-O";
				VALIDATE_PRODUCT = YES;
			};
			name = Release;
		};
		70F2838027A83FC3009D4F52 /* Debug */ = {
			isa = XCBuildConfiguration;
			baseConfigurationReference = E1DF05BC38DC35149B0E43B7 /* Pods-StockTutorial.debug.xcconfig */;
			buildSettings = {
				ASSETCATALOG_COMPILER_APPICON_NAME = AppIcon;
				ASSETCATALOG_COMPILER_GLOBAL_ACCENT_COLOR_NAME = AccentColor;
				CODE_SIGN_STYLE = Automatic;
				INFOPLIST_FILE = StockTutorial/Info.plist;
				LD_RUNPATH_SEARCH_PATHS = (
					"$(inherited)",
					"@executable_path/Frameworks",
				);
				PRODUCT_BUNDLE_IDENTIFIER = Jun.StockTutorial;
				PRODUCT_NAME = "$(TARGET_NAME)";
				SWIFT_VERSION = 5.0;
				TARGETED_DEVICE_FAMILY = "1,2";
			};
			name = Debug;
		};
		70F2838127A83FC3009D4F52 /* Release */ = {
			isa = XCBuildConfiguration;
			baseConfigurationReference = 830DA7CF81E28E33B62A9E7D /* Pods-StockTutorial.release.xcconfig */;
			buildSettings = {
				ASSETCATALOG_COMPILER_APPICON_NAME = AppIcon;
				ASSETCATALOG_COMPILER_GLOBAL_ACCENT_COLOR_NAME = AccentColor;
				CODE_SIGN_STYLE = Automatic;
				INFOPLIST_FILE = StockTutorial/Info.plist;
				LD_RUNPATH_SEARCH_PATHS = (
					"$(inherited)",
					"@executable_path/Frameworks",
				);
				PRODUCT_BUNDLE_IDENTIFIER = Jun.StockTutorial;
				PRODUCT_NAME = "$(TARGET_NAME)";
				SWIFT_VERSION = 5.0;
				TARGETED_DEVICE_FAMILY = "1,2";
			};
			name = Release;
		};
/* End XCBuildConfiguration section */

/* Begin XCConfigurationList section */
		70F2836627A83FC2009D4F52 /* Build configuration list for PBXProject "StockTutorial" */ = {
			isa = XCConfigurationList;
			buildConfigurations = (
				70F2837D27A83FC3009D4F52 /* Debug */,
				70F2837E27A83FC3009D4F52 /* Release */,
			);
			defaultConfigurationIsVisible = 0;
			defaultConfigurationName = Release;
		};
		70F2837F27A83FC3009D4F52 /* Build configuration list for PBXNativeTarget "StockTutorial" */ = {
			isa = XCConfigurationList;
			buildConfigurations = (
				70F2838027A83FC3009D4F52 /* Debug */,
				70F2838127A83FC3009D4F52 /* Release */,
			);
			defaultConfigurationIsVisible = 0;
			defaultConfigurationName = Release;
		};
/* End XCConfigurationList section */
	};
	rootObject = 70F2836327A83FC2009D4F52 /* Project object */;
}
